
Microsoft Visual Studio Solution File, Format Version 12.00
# Visual Studio Version 17
VisualStudioVersion = 17.0.31903.59
MinimumVisualStudioVersion = 10.0.40219.1
Project("{2150E333-8FDC-42A3-9474-1A3956D46DE8}") = "src", "src", "{827E0CD3-B72D-47B6-A68D-7590B98EB39B}"
EndProject
Project("{FAE04EC0-301F-11D3-BF4B-00C04F79EFBC}") = "Library.API", "src\Library.API\Library.API.csproj", "{4E001354-4B0F-44D9-8B75-1DA888118FCF}"
EndProject
Project("{FAE04EC0-301F-11D3-BF4B-00C04F79EFBC}") = "Library.Domain", "src\Library.Domain\Library.Domain.csproj", "{F71F6AEA-9A98-485B-9E1F-2F9B6638609A}"
EndProject
Project("{FAE04EC0-301F-11D3-BF4B-00C04F79EFBC}") = "Library.Infraestructure", "src\Library.Infraestructure\Library.Infraestructure.csproj", "{E84FAC02-26FC-4CCF-8A73-DAB51EF05AFC}"
EndProject
Project("{FAE04EC0-301F-11D3-BF4B-00C04F79EFBC}") = "Library.Application", "src\Library.Application\Library.Application.csproj", "{E14F6B08-B5DC-4437-9C36-0EAE8203731A}"
EndProject
Global
	GlobalSection(SolutionConfigurationPlatforms) = preSolution
		Debug|Any CPU = Debug|Any CPU
		Debug|x64 = Debug|x64
		Debug|x86 = Debug|x86
		Release|Any CPU = Release|Any CPU
		Release|x64 = Release|x64
		Release|x86 = Release|x86
	EndGlobalSection
	GlobalSection(ProjectConfigurationPlatforms) = postSolution
		{4E001354-4B0F-44D9-8B75-1DA888118FCF}.Debug|Any CPU.ActiveCfg = Debug|Any CPU
		{4E001354-4B0F-44D9-8B75-1DA888118FCF}.Debug|Any CPU.Build.0 = Debug|Any CPU
		{4E001354-4B0F-44D9-8B75-1DA888118FCF}.Debug|x64.ActiveCfg = Debug|Any CPU
		{4E001354-4B0F-44D9-8B75-1DA888118FCF}.Debug|x64.Build.0 = Debug|Any CPU
		{4E001354-4B0F-44D9-8B75-1DA888118FCF}.Debug|x86.ActiveCfg = Debug|Any CPU
		{4E001354-4B0F-44D9-8B75-1DA888118FCF}.Debug|x86.Build.0 = Debug|Any CPU
		{4E001354-4B0F-44D9-8B75-1DA888118FCF}.Release|Any CPU.ActiveCfg = Release|Any CPU
		{4E001354-4B0F-44D9-8B75-1DA888118FCF}.Release|Any CPU.Build.0 = Release|Any CPU
		{4E001354-4B0F-44D9-8B75-1DA888118FCF}.Release|x64.ActiveCfg = Release|Any CPU
		{4E001354-4B0F-44D9-8B75-1DA888118FCF}.Release|x64.Build.0 = Release|Any CPU
		{4E001354-4B0F-44D9-8B75-1DA888118FCF}.Release|x86.ActiveCfg = Release|Any CPU
		{4E001354-4B0F-44D9-8B75-1DA888118FCF}.Release|x86.Build.0 = Release|Any CPU
		{F71F6AEA-9A98-485B-9E1F-2F9B6638609A}.Debug|Any CPU.ActiveCfg = Debug|Any CPU
		{F71F6AEA-9A98-485B-9E1F-2F9B6638609A}.Debug|Any CPU.Build.0 = Debug|Any CPU
		{F71F6AEA-9A98-485B-9E1F-2F9B6638609A}.Debug|x64.ActiveCfg = Debug|Any CPU
		{F71F6AEA-9A98-485B-9E1F-2F9B6638609A}.Debug|x64.Build.0 = Debug|Any CPU
		{F71F6AEA-9A98-485B-9E1F-2F9B6638609A}.Debug|x86.ActiveCfg = Debug|Any CPU
		{F71F6AEA-9A98-485B-9E1F-2F9B6638609A}.Debug|x86.Build.0 = Debug|Any CPU
		{F71F6AEA-9A98-485B-9E1F-2F9B6638609A}.Release|Any CPU.ActiveCfg = Release|Any CPU
		{F71F6AEA-9A98-485B-9E1F-2F9B6638609A}.Release|Any CPU.Build.0 = Release|Any CPU
		{F71F6AEA-9A98-485B-9E1F-2F9B6638609A}.Release|x64.ActiveCfg = Release|Any CPU
		{F71F6AEA-9A98-485B-9E1F-2F9B6638609A}.Release|x64.Build.0 = Release|Any CPU
		{F71F6AEA-9A98-485B-9E1F-2F9B6638609A}.Release|x86.ActiveCfg = Release|Any CPU
		{F71F6AEA-9A98-485B-9E1F-2F9B6638609A}.Release|x86.Build.0 = Release|Any CPU
		{E84FAC02-26FC-4CCF-8A73-DAB51EF05AFC}.Debug|Any CPU.ActiveCfg = Debug|Any CPU
		{E84FAC02-26FC-4CCF-8A73-DAB51EF05AFC}.Debug|Any CPU.Build.0 = Debug|Any CPU
		{E84FAC02-26FC-4CCF-8A73-DAB51EF05AFC}.Debug|x64.ActiveCfg = Debug|Any CPU
		{E84FAC02-26FC-4CCF-8A73-DAB51EF05AFC}.Debug|x64.Build.0 = Debug|Any CPU
		{E84FAC02-26FC-4CCF-8A73-DAB51EF05AFC}.Debug|x86.ActiveCfg = Debug|Any CPU
		{E84FAC02-26FC-4CCF-8A73-DAB51EF05AFC}.Debug|x86.Build.0 = Debug|Any CPU
		{E84FAC02-26FC-4CCF-8A73-DAB51EF05AFC}.Release|Any CPU.ActiveCfg = Release|Any CPU
		{E84FAC02-26FC-4CCF-8A73-DAB51EF05AFC}.Release|Any CPU.Build.0 = Release|Any CPU
		{E84FAC02-26FC-4CCF-8A73-DAB51EF05AFC}.Release|x64.ActiveCfg = Release|Any CPU
		{E84FAC02-26FC-4CCF-8A73-DAB51EF05AFC}.Release|x64.Build.0 = Release|Any CPU
		{E84FAC02-26FC-4CCF-8A73-DAB51EF05AFC}.Release|x86.ActiveCfg = Release|Any CPU
		{E84FAC02-26FC-4CCF-8A73-DAB51EF05AFC}.Release|x86.Build.0 = Release|Any CPU
		{E14F6B08-B5DC-4437-9C36-0EAE8203731A}.Debug|Any CPU.ActiveCfg = Debug|Any CPU
		{E14F6B08-B5DC-4437-9C36-0EAE8203731A}.Debug|Any CPU.Build.0 = Debug|Any CPU
		{E14F6B08-B5DC-4437-9C36-0EAE8203731A}.Debug|x64.ActiveCfg = Debug|Any CPU
		{E14F6B08-B5DC-4437-9C36-0EAE8203731A}.Debug|x64.Build.0 = Debug|Any CPU
		{E14F6B08-B5DC-4437-9C36-0EAE8203731A}.Debug|x86.ActiveCfg = Debug|Any CPU
		{E14F6B08-B5DC-4437-9C36-0EAE8203731A}.Debug|x86.Build.0 = Debug|Any CPU
		{E14F6B08-B5DC-4437-9C36-0EAE8203731A}.Release|Any CPU.ActiveCfg = Release|Any CPU
		{E14F6B08-B5DC-4437-9C36-0EAE8203731A}.Release|Any CPU.Build.0 = Release|Any CPU
		{E14F6B08-B5DC-4437-9C36-0EAE8203731A}.Release|x64.ActiveCfg = Release|Any CPU
		{E14F6B08-B5DC-4437-9C36-0EAE8203731A}.Release|x64.Build.0 = Release|Any CPU
		{E14F6B08-B5DC-4437-9C36-0EAE8203731A}.Release|x86.ActiveCfg = Release|Any CPU
		{E14F6B08-B5DC-4437-9C36-0EAE8203731A}.Release|x86.Build.0 = Release|Any CPU
	EndGlobalSection
	GlobalSection(SolutionProperties) = preSolution
		HideSolutionNode = FALSE
	EndGlobalSection
	GlobalSection(NestedProjects) = preSolution
		{4E001354-4B0F-44D9-8B75-1DA888118FCF} = {827E0CD3-B72D-47B6-A68D-7590B98EB39B}
		{F71F6AEA-9A98-485B-9E1F-2F9B6638609A} = {827E0CD3-B72D-47B6-A68D-7590B98EB39B}
		{E84FAC02-26FC-4CCF-8A73-DAB51EF05AFC} = {827E0CD3-B72D-47B6-A68D-7590B98EB39B}
		{E14F6B08-B5DC-4437-9C36-0EAE8203731A} = {827E0CD3-B72D-47B6-A68D-7590B98EB39B}
	EndGlobalSection
EndGlobal
